
Microsoft Visual Studio Solution File, Format Version 12.00
# Visual Studio Version 16
VisualStudioVersion = 16.0.31605.320
MinimumVisualStudioVersion = 10.0.40219.1
Project("{888888A0-9F3D-457C-B088-3A5042F75D52}") = "litchi", "litchi.pyproj", "{44EBE737-4611-4F84-B31E-A2D6C07AB3DD}"
EndProject
Global
	GlobalSection(SolutionConfigurationPlatforms) = preSolution
		Debug|Any CPU = Debug|Any CPU
		Release|Any CPU = Release|Any CPU
	EndGlobalSection
	GlobalSection(ProjectConfigurationPlatforms) = postSolution
		{44EBE737-4611-4F84-B31E-A2D6C07AB3DD}.Debug|Any CPU.ActiveCfg = Debug|Any CPU
		{44EBE737-4611-4F84-B31E-A2D6C07AB3DD}.Release|Any CPU.ActiveCfg = Release|Any CPU
	EndGlobalSection
	GlobalSection(SolutionProperties) = preSolution
		HideSolutionNode = FALSE
	EndGlobalSection
	GlobalSection(ExtensibilityGlobals) = postSolution
		SolutionGuid = {75927BDD-E2A7-40A1-8480-7135E9C4F908}
	EndGlobalSection
EndGlobal
